
Microsoft Visual Studio Solution File, Format Version 12.00
# Visual Studio Version 16
VisualStudioVersion = 16.0.30717.126
MinimumVisualStudioVersion = 10.0.40219.1
Project("{888888A0-9F3D-457C-B088-3A5042F75D52}") = "document_classifier_3_ensemble_models", "document_classifier_3_ensemble_models\document_classifier_3_ensemble_models.pyproj", "{8BF43D70-2CCF-447D-AEA5-EF3DE14A428C}"
EndProject
Global
	GlobalSection(SolutionConfigurationPlatforms) = preSolution
		Debug|Any CPU = Debug|Any CPU
		Release|Any CPU = Release|Any CPU
	EndGlobalSection
	GlobalSection(ProjectConfigurationPlatforms) = postSolution
		{8BF43D70-2CCF-447D-AEA5-EF3DE14A428C}.Debug|Any CPU.ActiveCfg = Debug|Any CPU
		{8BF43D70-2CCF-447D-AEA5-EF3DE14A428C}.Release|Any CPU.ActiveCfg = Release|Any CPU
	EndGlobalSection
	GlobalSection(SolutionProperties) = preSolution
		HideSolutionNode = FALSE
	EndGlobalSection
	GlobalSection(ExtensibilityGlobals) = postSolution
		SolutionGuid = {3A360EBA-6EED-474B-8F56-4724880F49E5}
	EndGlobalSection
EndGlobal
